https://github.com/korlibs/korge-ext.git/korge-collision#0.0.2 ::: 143fcd75de1269d6425d51cd3d9a9b907c1d5c7a:0e04040402f304f1f5fdfa09fff9f40a0df106fcf1040bf903f30afef005f303
https://github.com/korlibs/korge-ext.git/korge-collision#v0.1.3 ::: 2a331af4bab999c105c5f945b152e5f95dbf49f1:0e04040402f304f1f5fdfa09fff9f40a0df106fcf1040bf903f30afef005f303
https://github.com/korlibs/korge-tiled.git/korge-tiled#0.0.1 ::: 734d96ccc18733064ef9fbda8ac359585011112d:0701f1f7fa0ffbf3f60506f4f90c06fb010b0e03fdf70c0b0afd02f5f8fbfbff
https://github.com/korlibs/korge-tiled.git/korge-tiled#v0.0.5 ::: a54e3b2cacf24e0a0eb87e2580f69f8c81d083ce:02f30ff20ff7070806f803fef601f3fffd0d0c0bf40d0d020f02080904f8f206
https://github.com/korlibs/korge-tiled.git/korge-tiled#v0.1.0 ::: f983dd43477b7c55e8e89bc18cb8dd4439091bb2:fff404f908f005f90bf6fafc0ffbf809fb0efffef90cf90dfb00f200fa05ff01
https://github.com/korlibs/korge-tiled.git/korge-tiled#v0.1.1 ::: fb13eb807e80f30f16d63417fa533f1b2b2af196:f0fdf5fe03f002f3f808040c0cff0a02f4fdfaf90403f5f6f8f0f6fa07040a09
