https://github.com/korlibs/korge-ext.git/korge-collision#0.0.2 ::: 143fcd75de1269d6425d51cd3d9a9b907c1d5c7a:0e04040402f304f1f5fdfa09fff9f40a0df106fcf1040bf903f30afef005f303
https://github.com/korlibs/korge-tiled.git/korge-tiled#v0.0.3 ::: da57a232cf33af7e51560700b95e8e561d720bcb:02f30ff20ff7070806f803fef601f3fffd0d0c0bf40d0d020f02080904f8f206
