https://github.com/korlibs/korge-ext.git/korge-collision#v0.1.3 ::: 2a331af4bab999c105c5f945b152e5f95dbf49f1:0e04040402f304f1f5fdfa09fff9f40a0df106fcf1040bf903f30afef005f303
https://github.com/korlibs/korge-tiled.git/korge-tiled#v0.1.2 ::: 3ea218e3a42ed211a3984cdc8922eec720ada39d:fcf7f8000909f1f70ef702fe01fbf1f3030a0a0e0202fc0f05fd0803fdfaf404
